
Microsoft Visual Studio Solution File, Format Version 12.00
# Visual Studio 15
Project("{FAE04EC0-301F-11D3-BF4B-00C04F79EFBC}") = "Assembly-CSharp", "Assembly-CSharp.csproj", "{A7A860CA-20D3-62C0-9FD2-851BBA8449FE}"
EndProject
Project("{FAE04EC0-301F-11D3-BF4B-00C04F79EFBC}") = "Assembly-CSharp-Editor", "Assembly-CSharp-Editor.csproj", "{057AB8DC-A07D-EF88-64D7-E0634A178390}"
EndProject
Project("{FAE04EC0-301F-11D3-BF4B-00C04F79EFBC}") = "Unity.Toaru.UI", "Unity.Toaru.UI.csproj", "{97530723-CB04-DC2C-75B9-79259BB968E6}"
EndProject
Project("{FAE04EC0-301F-11D3-BF4B-00C04F79EFBC}") = "Unity.Toaru.UI.Editor", "Unity.Toaru.UI.Editor.csproj", "{DE71E6F3-E3BC-51BE-31B1-356E71B0EDD9}"
EndProject
Project("{FAE04EC0-301F-11D3-BF4B-00C04F79EFBC}") = "Unity.Toaru.UI.Tests", "Unity.Toaru.UI.Tests.csproj", "{6161CF2A-540C-9C54-6388-8C09D69BBBE9}"
EndProject
Global
	GlobalSection(SolutionConfigurationPlatforms) = preSolution
		Debug|Any CPU = Debug|Any CPU
		Release|Any CPU = Release|Any CPU
	EndGlobalSection
	GlobalSection(ProjectConfigurationPlatforms) = postSolution
		{A7A860CA-20D3-62C0-9FD2-851BBA8449FE}.Debug|Any CPU.ActiveCfg = Debug|Any CPU
		{A7A860CA-20D3-62C0-9FD2-851BBA8449FE}.Debug|Any CPU.Build.0 = Debug|Any CPU
		{A7A860CA-20D3-62C0-9FD2-851BBA8449FE}.Release|Any CPU.ActiveCfg = Release|Any CPU
		{A7A860CA-20D3-62C0-9FD2-851BBA8449FE}.Release|Any CPU.Build.0 = Release|Any CPU
		{057AB8DC-A07D-EF88-64D7-E0634A178390}.Debug|Any CPU.ActiveCfg = Debug|Any CPU
		{057AB8DC-A07D-EF88-64D7-E0634A178390}.Debug|Any CPU.Build.0 = Debug|Any CPU
		{057AB8DC-A07D-EF88-64D7-E0634A178390}.Release|Any CPU.ActiveCfg = Release|Any CPU
		{057AB8DC-A07D-EF88-64D7-E0634A178390}.Release|Any CPU.Build.0 = Release|Any CPU
		{97530723-CB04-DC2C-75B9-79259BB968E6}.Debug|Any CPU.ActiveCfg = Debug|Any CPU
		{97530723-CB04-DC2C-75B9-79259BB968E6}.Debug|Any CPU.Build.0 = Debug|Any CPU
		{97530723-CB04-DC2C-75B9-79259BB968E6}.Release|Any CPU.ActiveCfg = Release|Any CPU
		{97530723-CB04-DC2C-75B9-79259BB968E6}.Release|Any CPU.Build.0 = Release|Any CPU
		{DE71E6F3-E3BC-51BE-31B1-356E71B0EDD9}.Debug|Any CPU.ActiveCfg = Debug|Any CPU
		{DE71E6F3-E3BC-51BE-31B1-356E71B0EDD9}.Debug|Any CPU.Build.0 = Debug|Any CPU
		{DE71E6F3-E3BC-51BE-31B1-356E71B0EDD9}.Release|Any CPU.ActiveCfg = Release|Any CPU
		{DE71E6F3-E3BC-51BE-31B1-356E71B0EDD9}.Release|Any CPU.Build.0 = Release|Any CPU
		{6161CF2A-540C-9C54-6388-8C09D69BBBE9}.Debug|Any CPU.ActiveCfg = Debug|Any CPU
		{6161CF2A-540C-9C54-6388-8C09D69BBBE9}.Debug|Any CPU.Build.0 = Debug|Any CPU
		{6161CF2A-540C-9C54-6388-8C09D69BBBE9}.Release|Any CPU.ActiveCfg = Release|Any CPU
		{6161CF2A-540C-9C54-6388-8C09D69BBBE9}.Release|Any CPU.Build.0 = Release|Any CPU
	EndGlobalSection
	GlobalSection(SolutionProperties) = preSolution
		HideSolutionNode = FALSE
	EndGlobalSection
EndGlobal
